// !$*UTF8*$!
{
	archiveVersion = 1;
	classes = {
	};
	objectVersion = 46;
	objects = {

/* Begin PBXBuildFile section */
		1853FD6623425BCD00F18EEC /* SwiftyJSON.framework in Frameworks */ = {isa = PBXBuildFile; fileRef = 219AEBBB1E09367A009C939B /* SwiftyJSON.framework */; };
		1853FD6723425BDD00F18EEC /* RESTAPIImage.framework in Resources */ = {isa = PBXBuildFile; fileRef = 213C5EA8215A44DD0039DC20 /* RESTAPIImage.framework */; };
		1853FD6923425C1700F18EEC /* RESTAPIImage.framework in CopyFiles */ = {isa = PBXBuildFile; fileRef = 213C5EA8215A44DD0039DC20 /* RESTAPIImage.framework */; settings = {ATTRIBUTES = (CodeSignOnCopy, RemoveHeadersOnCopy, ); }; };
		1853FD6C23425D1900F18EEC /* JPGUploadMultipartFormData.swift in Sources */ = {isa = PBXBuildFile; fileRef = 1853FD6A23425D1900F18EEC /* JPGUploadMultipartFormData.swift */; };
		1853FD6D23425D1900F18EEC /* UIImage+Cachable.swift in Sources */ = {isa = PBXBuildFile; fileRef = 1853FD6B23425D1900F18EEC /* UIImage+Cachable.swift */; };
		1853FD6F23425D3B00F18EEC /* Cacheable.swift in Sources */ = {isa = PBXBuildFile; fileRef = 1853FD6E23425D3B00F18EEC /* Cacheable.swift */; };
		2102CA3821923563006222AB /* RESTAPIComponentTests.swift in Sources */ = {isa = PBXBuildFile; fileRef = 2102CA3721923563006222AB /* RESTAPIComponentTests.swift */; };
		2102CA392192359D006222AB /* RESTAPIComponentTests.swift in Sources */ = {isa = PBXBuildFile; fileRef = 2102CA3721923563006222AB /* RESTAPIComponentTests.swift */; };
		2124F72A21958E19007BD953 /* APIImplementation.swift in Sources */ = {isa = PBXBuildFile; fileRef = 2124F72921958E19007BD953 /* APIImplementation.swift */; };
		213C5EA2215A44730039DC20 /* MultipartFormData.swift in Sources */ = {isa = PBXBuildFile; fileRef = 213C5EA1215A44730039DC20 /* MultipartFormData.swift */; };
		213C5EB1215A44DD0039DC20 /* RESTAPIImage.framework in Frameworks */ = {isa = PBXBuildFile; fileRef = 213C5EA8215A44DD0039DC20 /* RESTAPIImage.framework */; };
		213C5EB6215A44DD0039DC20 /* RESTAPIImageTests.swift in Sources */ = {isa = PBXBuildFile; fileRef = 213C5EB5215A44DD0039DC20 /* RESTAPIImageTests.swift */; };
		213C5EB8215A44DD0039DC20 /* RESTAPIImage.h in Headers */ = {isa = PBXBuildFile; fileRef = 213C5EAA215A44DD0039DC20 /* RESTAPIImage.h */; settings = {ATTRIBUTES = (Public, ); }; };
		213C5EC3215A74770039DC20 /* RESTAPI.framework in Frameworks */ = {isa = PBXBuildFile; fileRef = 215D7C4A1D4279E8001F4C45 /* RESTAPI.framework */; };
		21493A571D427A3B00B5CF8A /* LICENSE in Resources */ = {isa = PBXBuildFile; fileRef = 21493A561D427A3B00B5CF8A /* LICENSE */; };
		21493A631D427E3000B5CF8A /* API.swift in Sources */ = {isa = PBXBuildFile; fileRef = 21493A601D427E3000B5CF8A /* API.swift */; };
		21493A641D427E3000B5CF8A /* JSONCodable.swift in Sources */ = {isa = PBXBuildFile; fileRef = 21493A611D427E3000B5CF8A /* JSONCodable.swift */; };
		21493A651D427E3000B5CF8A /* Utils.swift in Sources */ = {isa = PBXBuildFile; fileRef = 21493A621D427E3000B5CF8A /* Utils.swift */; };
		2158E4541E09747C002A957E /* RESTAPI.framework in CopyFiles */ = {isa = PBXBuildFile; fileRef = 219AEB951E0933F2009C939B /* RESTAPI.framework */; settings = {ATTRIBUTES = (CodeSignOnCopy, RemoveHeadersOnCopy, ); }; };
		215D7C4E1D4279E8001F4C45 /* RESTAPI.h in Headers */ = {isa = PBXBuildFile; fileRef = 215D7C4D1D4279E8001F4C45 /* RESTAPI.h */; settings = {ATTRIBUTES = (Public, ); }; };
		215D7C551D4279E8001F4C45 /* RESTAPI.framework in Frameworks */ = {isa = PBXBuildFile; fileRef = 215D7C4A1D4279E8001F4C45 /* RESTAPI.framework */; };
		215D7C5A1D4279E8001F4C45 /* RESTAPITests.swift in Sources */ = {isa = PBXBuildFile; fileRef = 215D7C591D4279E8001F4C45 /* RESTAPITests.swift */; };
		2176DDF41D86E3D8005A1B30 /* JSONConvertible.swift in Sources */ = {isa = PBXBuildFile; fileRef = 2176DDF31D86E3D8005A1B30 /* JSONConvertible.swift */; };
		2182D6371F13A14000B091CE /* FormEncodable.swift in Sources */ = {isa = PBXBuildFile; fileRef = 2182D6361F13A14000B091CE /* FormEncodable.swift */; };
		2182D6381F13A14000B091CE /* FormEncodable.swift in Sources */ = {isa = PBXBuildFile; fileRef = 2182D6361F13A14000B091CE /* FormEncodable.swift */; };
		2188F96E2265314E00B40E3D /* UtilTypes.swift in Sources */ = {isa = PBXBuildFile; fileRef = 21ABC93E2264BBDC004ED369 /* UtilTypes.swift */; };
		219AEB9E1E0933F2009C939B /* RESTAPI.framework in Frameworks */ = {isa = PBXBuildFile; fileRef = 219AEB951E0933F2009C939B /* RESTAPI.framework */; };
		219AEBAC1E093404009C939B /* RESTAPITests.swift in Sources */ = {isa = PBXBuildFile; fileRef = 215D7C591D4279E8001F4C45 /* RESTAPITests.swift */; };
		219AEBB21E093573009C939B /* RESTAPI.h in Headers */ = {isa = PBXBuildFile; fileRef = 215D7C4D1D4279E8001F4C45 /* RESTAPI.h */; settings = {ATTRIBUTES = (Public, ); }; };
		219AEBB51E093668009C939B /* SwiftyJSON.framework in Frameworks */ = {isa = PBXBuildFile; fileRef = 219AEBB41E093668009C939B /* SwiftyJSON.framework */; };
		219AEBBC1E09367A009C939B /* SwiftyJSON.framework in Frameworks */ = {isa = PBXBuildFile; fileRef = 219AEBBB1E09367A009C939B /* SwiftyJSON.framework */; };
		219AEBBD1E09373B009C939B /* SwiftyJSON.framework in Frameworks */ = {isa = PBXBuildFile; fileRef = 219AEBBB1E09367A009C939B /* SwiftyJSON.framework */; };
		219AEBC01E093760009C939B /* SwiftyJSON.framework in Frameworks */ = {isa = PBXBuildFile; fileRef = 219AEBB91E093669009C939B /* SwiftyJSON.framework */; };
		219AEBC21E093773009C939B /* SwiftyJSON.framework in Resources */ = {isa = PBXBuildFile; fileRef = 219AEBC11E093773009C939B /* SwiftyJSON.framework */; };
		219AEBC31E09377B009C939B /* RESTAPI.framework in Resources */ = {isa = PBXBuildFile; fileRef = 219AEB951E0933F2009C939B /* RESTAPI.framework */; };
		219AEBC41E093ABE009C939B /* API.swift in Sources */ = {isa = PBXBuildFile; fileRef = 21493A601D427E3000B5CF8A /* API.swift */; };
		219AEBC51E093AC1009C939B /* JSONCodable.swift in Sources */ = {isa = PBXBuildFile; fileRef = 21493A611D427E3000B5CF8A /* JSONCodable.swift */; };
		219AEBC61E093AC3009C939B /* Utils.swift in Sources */ = {isa = PBXBuildFile; fileRef = 21493A621D427E3000B5CF8A /* Utils.swift */; };
		219AEBC71E093AC7009C939B /* JSONConvertible.swift in Sources */ = {isa = PBXBuildFile; fileRef = 2176DDF31D86E3D8005A1B30 /* JSONConvertible.swift */; };
		21A9B5C21D475D4800D2B57A /* Cartfile in Resources */ = {isa = PBXBuildFile; fileRef = 21A9B5C11D475D4800D2B57A /* Cartfile */; };
		21ABC93F2264BBDC004ED369 /* UtilTypes.swift in Sources */ = {isa = PBXBuildFile; fileRef = 21ABC93E2264BBDC004ED369 /* UtilTypes.swift */; };
		21C3AC6B21959CEC004ACB75 /* RESTAPICodable.swift in Sources */ = {isa = PBXBuildFile; fileRef = 21C3AC6921959CBD004ACB75 /* RESTAPICodable.swift */; };
		21C3AC6C21959CEC004ACB75 /* RESTAPICodable.swift in Sources */ = {isa = PBXBuildFile; fileRef = 21C3AC6921959CBD004ACB75 /* RESTAPICodable.swift */; };
		21C3AC6D2195B1D4004ACB75 /* MultipartFormData.swift in Sources */ = {isa = PBXBuildFile; fileRef = 213C5EA1215A44730039DC20 /* MultipartFormData.swift */; };
		21C3AC6E2195B1D8004ACB75 /* APIImplementation.swift in Sources */ = {isa = PBXBuildFile; fileRef = 2124F72921958E19007BD953 /* APIImplementation.swift */; };
		21EEEE3B1D7EC0E500099A9A /* RESTAPI.framework in Resources */ = {isa = PBXBuildFile; fileRef = 215D7C4A1D4279E8001F4C45 /* RESTAPI.framework */; };
		21EEEE3E1D7EC3AC00099A9A /* RESTAPI.framework in CopyFiles */ = {isa = PBXBuildFile; fileRef = 215D7C4A1D4279E8001F4C45 /* RESTAPI.framework */; settings = {ATTRIBUTES = (CodeSignOnCopy, RemoveHeadersOnCopy, ); }; };
		21F570AC1FAF0ACE00E8BFDB /* API+Utils.swift in Sources */ = {isa = PBXBuildFile; fileRef = 21F570AB1FAF0ACE00E8BFDB /* API+Utils.swift */; };
		21F570AD1FAF0ACE00E8BFDB /* API+Utils.swift in Sources */ = {isa = PBXBuildFile; fileRef = 21F570AB1FAF0ACE00E8BFDB /* API+Utils.swift */; };
/* End PBXBuildFile section */

/* Begin PBXContainerItemProxy section */
		213C5EB2215A44DD0039DC20 /* PBXContainerItemProxy */ = {
			isa = PBXContainerItemProxy;
			containerPortal = 215D7C411D4279E8001F4C45 /* Project object */;
			proxyType = 1;
			remoteGlobalIDString = 213C5EA7215A44DD0039DC20;
			remoteInfo = RESTAPIImage;
		};
		213C5ED7215A85360039DC20 /* PBXContainerItemProxy */ = {
			isa = PBXContainerItemProxy;
			containerPortal = 215D7C411D4279E8001F4C45 /* Project object */;
			proxyType = 1;
			remoteGlobalIDString = 215D7C491D4279E8001F4C45;
			remoteInfo = "RESTAPI iOS";
		};
		215D7C561D4279E8001F4C45 /* PBXContainerItemProxy */ = {
			isa = PBXContainerItemProxy;
			containerPortal = 215D7C411D4279E8001F4C45 /* Project object */;
			proxyType = 1;
			remoteGlobalIDString = 215D7C491D4279E8001F4C45;
			remoteInfo = RESTAPI;
		};
		219AEB9F1E0933F2009C939B /* PBXContainerItemProxy */ = {
			isa = PBXContainerItemProxy;
			containerPortal = 215D7C411D4279E8001F4C45 /* Project object */;
			proxyType = 1;
			remoteGlobalIDString = 219AEB941E0933F2009C939B;
			remoteInfo = "RESTAPI tvOS";
		};
/* End PBXContainerItemProxy section */

/* Begin PBXCopyFilesBuildPhase section */
		1853FD6823425C0D00F18EEC /* CopyFiles */ = {
			isa = PBXCopyFilesBuildPhase;
			buildActionMask = 2147483647;
			dstPath = "";
			dstSubfolderSpec = 10;
			files = (
				1853FD6923425C1700F18EEC /* RESTAPIImage.framework in CopyFiles */,
			);
			runOnlyForDeploymentPostprocessing = 0;
		};
		2158E4531E097470002A957E /* CopyFiles */ = {
			isa = PBXCopyFilesBuildPhase;
			buildActionMask = 2147483647;
			dstPath = "";
			dstSubfolderSpec = 10;
			files = (
				2158E4541E09747C002A957E /* RESTAPI.framework in CopyFiles */,
			);
			runOnlyForDeploymentPostprocessing = 0;
		};
		21EEEE3C1D7EC39C00099A9A /* CopyFiles */ = {
			isa = PBXCopyFilesBuildPhase;
			buildActionMask = 2147483647;
			dstPath = "";
			dstSubfolderSpec = 10;
			files = (
				21EEEE3E1D7EC3AC00099A9A /* RESTAPI.framework in CopyFiles */,
			);
			runOnlyForDeploymentPostprocessing = 0;
		};
/* End PBXCopyFilesBuildPhase section */

/* Begin PBXFileReference section */
		1853FD6A23425D1900F18EEC /* JPGUploadMultipartFormData.swift */ = {isa = PBXFileReference; fileEncoding = 4; lastKnownFileType = sourcecode.swift; path = JPGUploadMultipartFormData.swift; sourceTree = "<group>"; };
		1853FD6B23425D1900F18EEC /* UIImage+Cachable.swift */ = {isa = PBXFileReference; fileEncoding = 4; lastKnownFileType = sourcecode.swift; path = "UIImage+Cachable.swift"; sourceTree = "<group>"; };
		1853FD6E23425D3B00F18EEC /* Cacheable.swift */ = {isa = PBXFileReference; fileEncoding = 4; lastKnownFileType = sourcecode.swift; path = Cacheable.swift; sourceTree = "<group>"; };
		2102CA3721923563006222AB /* RESTAPIComponentTests.swift */ = {isa = PBXFileReference; lastKnownFileType = sourcecode.swift; path = RESTAPIComponentTests.swift; sourceTree = "<group>"; };
		2124F72921958E19007BD953 /* APIImplementation.swift */ = {isa = PBXFileReference; lastKnownFileType = sourcecode.swift; path = APIImplementation.swift; sourceTree = "<group>"; };
		213C5EA1215A44730039DC20 /* MultipartFormData.swift */ = {isa = PBXFileReference; lastKnownFileType = sourcecode.swift; path = MultipartFormData.swift; sourceTree = "<group>"; };
		213C5EA8215A44DD0039DC20 /* RESTAPIImage.framework */ = {isa = PBXFileReference; explicitFileType = wrapper.framework; includeInIndex = 0; path = RESTAPIImage.framework; sourceTree = BUILT_PRODUCTS_DIR; };
		213C5EAA215A44DD0039DC20 /* RESTAPIImage.h */ = {isa = PBXFileReference; lastKnownFileType = sourcecode.c.h; path = RESTAPIImage.h; sourceTree = "<group>"; };
		213C5EAB215A44DD0039DC20 /* Info.plist */ = {isa = PBXFileReference; lastKnownFileType = text.plist.xml; path = Info.plist; sourceTree = "<group>"; };
		213C5EB0215A44DD0039DC20 /* RESTAPIImageTests.xctest */ = {isa = PBXFileReference; explicitFileType = wrapper.cfbundle; includeInIndex = 0; path = RESTAPIImageTests.xctest; sourceTree = BUILT_PRODUCTS_DIR; };
		213C5EB5215A44DD0039DC20 /* RESTAPIImageTests.swift */ = {isa = PBXFileReference; lastKnownFileType = sourcecode.swift; path = RESTAPIImageTests.swift; sourceTree = "<group>"; };
		213C5EB7215A44DD0039DC20 /* Info.plist */ = {isa = PBXFileReference; lastKnownFileType = text.plist.xml; path = Info.plist; sourceTree = "<group>"; };
		21493A541D427A3700B5CF8A /* README.md */ = {isa = PBXFileReference; fileEncoding = 4; lastKnownFileType = net.daringfireball.markdown; path = README.md; sourceTree = "<group>"; };
		21493A561D427A3B00B5CF8A /* LICENSE */ = {isa = PBXFileReference; fileEncoding = 4; lastKnownFileType = text; path = LICENSE; sourceTree = "<group>"; };
		21493A601D427E3000B5CF8A /* API.swift */ = {isa = PBXFileReference; fileEncoding = 4; lastKnownFileType = sourcecode.swift; path = API.swift; sourceTree = "<group>"; };
		21493A611D427E3000B5CF8A /* JSONCodable.swift */ = {isa = PBXFileReference; fileEncoding = 4; lastKnownFileType = sourcecode.swift; path = JSONCodable.swift; sourceTree = "<group>"; };
		21493A621D427E3000B5CF8A /* Utils.swift */ = {isa = PBXFileReference; fileEncoding = 4; lastKnownFileType = sourcecode.swift; path = Utils.swift; sourceTree = "<group>"; };
		215D7C4A1D4279E8001F4C45 /* RESTAPI.framework */ = {isa = PBXFileReference; explicitFileType = wrapper.framework; includeInIndex = 0; path = RESTAPI.framework; sourceTree = BUILT_PRODUCTS_DIR; };
		215D7C4D1D4279E8001F4C45 /* RESTAPI.h */ = {isa = PBXFileReference; lastKnownFileType = sourcecode.c.h; path = RESTAPI.h; sourceTree = "<group>"; };
		215D7C4F1D4279E8001F4C45 /* Info-iOS.plist */ = {isa = PBXFileReference; lastKnownFileType = text.plist.xml; name = "Info-iOS.plist"; path = "RESTAPI/Info-iOS.plist"; sourceTree = "<group>"; };
		215D7C541D4279E8001F4C45 /* RESTAPI iOSTests.xctest */ = {isa = PBXFileReference; explicitFileType = wrapper.cfbundle; includeInIndex = 0; path = "RESTAPI iOSTests.xctest"; sourceTree = BUILT_PRODUCTS_DIR; };
		215D7C591D4279E8001F4C45 /* RESTAPITests.swift */ = {isa = PBXFileReference; lastKnownFileType = sourcecode.swift; path = RESTAPITests.swift; sourceTree = "<group>"; };
		215D7C5B1D4279E8001F4C45 /* Info.plist */ = {isa = PBXFileReference; lastKnownFileType = text.plist.xml; path = Info.plist; sourceTree = "<group>"; };
		2176DDF31D86E3D8005A1B30 /* JSONConvertible.swift */ = {isa = PBXFileReference; fileEncoding = 4; lastKnownFileType = sourcecode.swift; path = JSONConvertible.swift; sourceTree = "<group>"; };
		2182D6361F13A14000B091CE /* FormEncodable.swift */ = {isa = PBXFileReference; fileEncoding = 4; lastKnownFileType = sourcecode.swift; path = FormEncodable.swift; sourceTree = "<group>"; };
		219AEB951E0933F2009C939B /* RESTAPI.framework */ = {isa = PBXFileReference; explicitFileType = wrapper.framework; includeInIndex = 0; path = RESTAPI.framework; sourceTree = BUILT_PRODUCTS_DIR; };
		219AEB9D1E0933F2009C939B /* RESTAPI tvOSTests.xctest */ = {isa = PBXFileReference; explicitFileType = wrapper.cfbundle; includeInIndex = 0; path = "RESTAPI tvOSTests.xctest"; sourceTree = BUILT_PRODUCTS_DIR; };
		219AEBB01E0934A5009C939B /* Info-tvOS.plist */ = {isa = PBXFileReference; fileEncoding = 4; lastKnownFileType = text.plist.xml; name = "Info-tvOS.plist"; path = "RESTAPI tvOS/Info-tvOS.plist"; sourceTree = "<group>"; };
		219AEBB41E093668009C939B /* SwiftyJSON.framework */ = {isa = PBXFileReference; lastKnownFileType = wrapper.framework; name = SwiftyJSON.framework; path = Carthage/Build/tvOS/SwiftyJSON.framework; sourceTree = "<group>"; };
		219AEBB71E093669009C939B /* 10BC2E58-1426-3CA7-A224-777E32BEE344.bcsymbolmap */ = {isa = PBXFileReference; lastKnownFileType = text; path = "10BC2E58-1426-3CA7-A224-777E32BEE344.bcsymbolmap"; sourceTree = "<group>"; };
		219AEBB81E093669009C939B /* 21A8E6C7-53A9-3B92-8A5E-DDDDF882DC69.bcsymbolmap */ = {isa = PBXFileReference; lastKnownFileType = text; path = "21A8E6C7-53A9-3B92-8A5E-DDDDF882DC69.bcsymbolmap"; sourceTree = "<group>"; };
		219AEBB91E093669009C939B /* SwiftyJSON.framework */ = {isa = PBXFileReference; lastKnownFileType = wrapper.framework; path = SwiftyJSON.framework; sourceTree = "<group>"; };
		219AEBBA1E093669009C939B /* SwiftyJSON.framework.dSYM */ = {isa = PBXFileReference; lastKnownFileType = wrapper.dsym; path = SwiftyJSON.framework.dSYM; sourceTree = "<group>"; };
		219AEBBB1E09367A009C939B /* SwiftyJSON.framework */ = {isa = PBXFileReference; lastKnownFileType = wrapper.framework; name = SwiftyJSON.framework; path = Carthage/Build/iOS/SwiftyJSON.framework; sourceTree = "<group>"; };
		219AEBC11E093773009C939B /* SwiftyJSON.framework */ = {isa = PBXFileReference; lastKnownFileType = wrapper.framework; name = SwiftyJSON.framework; path = Carthage/Build/tvOS/SwiftyJSON.framework; sourceTree = "<group>"; };
		21A9B5C11D475D4800D2B57A /* Cartfile */ = {isa = PBXFileReference; fileEncoding = 4; lastKnownFileType = text; path = Cartfile; sourceTree = "<group>"; };
		21ABC93E2264BBDC004ED369 /* UtilTypes.swift */ = {isa = PBXFileReference; lastKnownFileType = sourcecode.swift; path = UtilTypes.swift; sourceTree = "<group>"; };
		21C3AC6921959CBD004ACB75 /* RESTAPICodable.swift */ = {isa = PBXFileReference; lastKnownFileType = sourcecode.swift; path = RESTAPICodable.swift; sourceTree = "<group>"; };
		21F570AB1FAF0ACE00E8BFDB /* API+Utils.swift */ = {isa = PBXFileReference; lastKnownFileType = sourcecode.swift; path = "API+Utils.swift"; sourceTree = "<group>"; };
/* End PBXFileReference section */

/* Begin PBXFrameworksBuildPhase section */
		213C5EA5215A44DD0039DC20 /* Frameworks */ = {
			isa = PBXFrameworksBuildPhase;
			buildActionMask = 2147483647;
			files = (
				213C5EC3215A74770039DC20 /* RESTAPI.framework in Frameworks */,
			);
			runOnlyForDeploymentPostprocessing = 0;
		};
		213C5EAD215A44DD0039DC20 /* Frameworks */ = {
			isa = PBXFrameworksBuildPhase;
			buildActionMask = 2147483647;
			files = (
				1853FD6623425BCD00F18EEC /* SwiftyJSON.framework in Frameworks */,
				213C5EB1215A44DD0039DC20 /* RESTAPIImage.framework in Frameworks */,
			);
			runOnlyForDeploymentPostprocessing = 0;
		};
		215D7C461D4279E8001F4C45 /* Frameworks */ = {
			isa = PBXFrameworksBuildPhase;
			buildActionMask = 2147483647;
			files = (
				219AEBBC1E09367A009C939B /* SwiftyJSON.framework in Frameworks */,
			);
			runOnlyForDeploymentPostprocessing = 0;
		};
		215D7C511D4279E8001F4C45 /* Frameworks */ = {
			isa = PBXFrameworksBuildPhase;
			buildActionMask = 2147483647;
			files = (
				219AEBBD1E09373B009C939B /* SwiftyJSON.framework in Frameworks */,
				215D7C551D4279E8001F4C45 /* RESTAPI.framework in Frameworks */,
			);
			runOnlyForDeploymentPostprocessing = 0;
		};
		219AEB911E0933F2009C939B /* Frameworks */ = {
			isa = PBXFrameworksBuildPhase;
			buildActionMask = 2147483647;
			files = (
				219AEBB51E093668009C939B /* SwiftyJSON.framework in Frameworks */,
			);
			runOnlyForDeploymentPostprocessing = 0;
		};
		219AEB9A1E0933F2009C939B /* Frameworks */ = {
			isa = PBXFrameworksBuildPhase;
			buildActionMask = 2147483647;
			files = (
				219AEBC01E093760009C939B /* SwiftyJSON.framework in Frameworks */,
				219AEB9E1E0933F2009C939B /* RESTAPI.framework in Frameworks */,
			);
			runOnlyForDeploymentPostprocessing = 0;
		};
/* End PBXFrameworksBuildPhase section */

/* Begin PBXGroup section */
		2124F72C21958E7E007BD953 /* ValidResponseData */ = {
			isa = PBXGroup;
			children = (
				21493A611D427E3000B5CF8A /* JSONCodable.swift */,
				21ABC93E2264BBDC004ED369 /* UtilTypes.swift */,
			);
			path = ValidResponseData;
			sourceTree = "<group>";
		};
		2124F72D21958E87007BD953 /* ValidRequestData */ = {
			isa = PBXGroup;
			children = (
				2176DDF31D86E3D8005A1B30 /* JSONConvertible.swift */,
				2182D6361F13A14000B091CE /* FormEncodable.swift */,
				213C5EA1215A44730039DC20 /* MultipartFormData.swift */,
			);
			path = ValidRequestData;
			sourceTree = "<group>";
		};
		213C5EA9215A44DD0039DC20 /* RESTAPIImage */ = {
			isa = PBXGroup;
			children = (
				1853FD6A23425D1900F18EEC /* JPGUploadMultipartFormData.swift */,
				1853FD6B23425D1900F18EEC /* UIImage+Cachable.swift */,
				213C5EAA215A44DD0039DC20 /* RESTAPIImage.h */,
				213C5EAB215A44DD0039DC20 /* Info.plist */,
			);
			path = RESTAPIImage;
			sourceTree = "<group>";
		};
		213C5EB4215A44DD0039DC20 /* RESTAPIImageTests */ = {
			isa = PBXGroup;
			children = (
				213C5EB5215A44DD0039DC20 /* RESTAPIImageTests.swift */,
				213C5EB7215A44DD0039DC20 /* Info.plist */,
			);
			path = RESTAPIImageTests;
			sourceTree = "<group>";
		};
		215D7C401D4279E8001F4C45 = {
			isa = PBXGroup;
			children = (
				219AEBC11E093773009C939B /* SwiftyJSON.framework */,
				21493A561D427A3B00B5CF8A /* LICENSE */,
				21493A541D427A3700B5CF8A /* README.md */,
				21A9B5C11D475D4800D2B57A /* Cartfile */,
				219AEBAD1E093455009C939B /* Supporting Files */,
				215D7C4C1D4279E8001F4C45 /* RESTAPI */,
				215D7C581D4279E8001F4C45 /* RESTAPITests */,
				213C5EA9215A44DD0039DC20 /* RESTAPIImage */,
				213C5EB4215A44DD0039DC20 /* RESTAPIImageTests */,
				215D7C4B1D4279E8001F4C45 /* Products */,
				219AEBB31E093668009C939B /* Frameworks */,
			);
			sourceTree = "<group>";
		};
		215D7C4B1D4279E8001F4C45 /* Products */ = {
			isa = PBXGroup;
			children = (
				215D7C4A1D4279E8001F4C45 /* RESTAPI.framework */,
				215D7C541D4279E8001F4C45 /* RESTAPI iOSTests.xctest */,
				219AEB951E0933F2009C939B /* RESTAPI.framework */,
				219AEB9D1E0933F2009C939B /* RESTAPI tvOSTests.xctest */,
				213C5EA8215A44DD0039DC20 /* RESTAPIImage.framework */,
				213C5EB0215A44DD0039DC20 /* RESTAPIImageTests.xctest */,
			);
			name = Products;
			sourceTree = "<group>";
		};
		215D7C4C1D4279E8001F4C45 /* RESTAPI */ = {
			isa = PBXGroup;
			children = (
				1853FD6E23425D3B00F18EEC /* Cacheable.swift */,
				215D7C4D1D4279E8001F4C45 /* RESTAPI.h */,
				21493A601D427E3000B5CF8A /* API.swift */,
				2124F72C21958E7E007BD953 /* ValidResponseData */,
				2124F72D21958E87007BD953 /* ValidRequestData */,
				2124F72921958E19007BD953 /* APIImplementation.swift */,
				21493A621D427E3000B5CF8A /* Utils.swift */,
				21F570AB1FAF0ACE00E8BFDB /* API+Utils.swift */,
			);
			path = RESTAPI;
			sourceTree = "<group>";
		};
		215D7C581D4279E8001F4C45 /* RESTAPITests */ = {
			isa = PBXGroup;
			children = (
				215D7C591D4279E8001F4C45 /* RESTAPITests.swift */,
				2102CA3721923563006222AB /* RESTAPIComponentTests.swift */,
				21C3AC6921959CBD004ACB75 /* RESTAPICodable.swift */,
				215D7C5B1D4279E8001F4C45 /* Info.plist */,
			);
			path = RESTAPITests;
			sourceTree = "<group>";
		};
		219AEBAD1E093455009C939B /* Supporting Files */ = {
			isa = PBXGroup;
			children = (
				219AEBB01E0934A5009C939B /* Info-tvOS.plist */,
				215D7C4F1D4279E8001F4C45 /* Info-iOS.plist */,
			);
			name = "Supporting Files";
			sourceTree = "<group>";
		};
		219AEBB31E093668009C939B /* Frameworks */ = {
			isa = PBXGroup;
			children = (
				219AEBBB1E09367A009C939B /* SwiftyJSON.framework */,
				219AEBB61E093669009C939B /* tvOS */,
				219AEBB41E093668009C939B /* SwiftyJSON.framework */,
			);
			name = Frameworks;
			sourceTree = "<group>";
		};
		219AEBB61E093669009C939B /* tvOS */ = {
			isa = PBXGroup;
			children = (
				219AEBB71E093669009C939B /* 10BC2E58-1426-3CA7-A224-777E32BEE344.bcsymbolmap */,
				219AEBB81E093669009C939B /* 21A8E6C7-53A9-3B92-8A5E-DDDDF882DC69.bcsymbolmap */,
				219AEBB91E093669009C939B /* SwiftyJSON.framework */,
				219AEBBA1E093669009C939B /* SwiftyJSON.framework.dSYM */,
			);
			name = tvOS;
			path = Carthage/Build/tvOS;
			sourceTree = "<group>";
		};
/* End PBXGroup section */

/* Begin PBXHeadersBuildPhase section */
		213C5EA3215A44DD0039DC20 /* Headers */ = {
			isa = PBXHeadersBuildPhase;
			buildActionMask = 2147483647;
			files = (
				213C5EB8215A44DD0039DC20 /* RESTAPIImage.h in Headers */,
			);
			runOnlyForDeploymentPostprocessing = 0;
		};
		215D7C471D4279E8001F4C45 /* Headers */ = {
			isa = PBXHeadersBuildPhase;
			buildActionMask = 2147483647;
			files = (
				215D7C4E1D4279E8001F4C45 /* RESTAPI.h in Headers */,
			);
			runOnlyForDeploymentPostprocessing = 0;
		};
		219AEB921E0933F2009C939B /* Headers */ = {
			isa = PBXHeadersBuildPhase;
			buildActionMask = 2147483647;
			files = (
				219AEBB21E093573009C939B /* RESTAPI.h in Headers */,
			);
			runOnlyForDeploymentPostprocessing = 0;
		};
/* End PBXHeadersBuildPhase section */

/* Begin PBXNativeTarget section */
		213C5EA7215A44DD0039DC20 /* RESTAPIImage iOS */ = {
			isa = PBXNativeTarget;
			buildConfigurationList = 213C5EB9215A44DD0039DC20 /* Build configuration list for PBXNativeTarget "RESTAPIImage iOS" */;
			buildPhases = (
				213C5EA3215A44DD0039DC20 /* Headers */,
				213C5EA4215A44DD0039DC20 /* Sources */,
				213C5EA5215A44DD0039DC20 /* Frameworks */,
				213C5EA6215A44DD0039DC20 /* Resources */,
			);
			buildRules = (
			);
			dependencies = (
				213C5ED8215A85360039DC20 /* PBXTargetDependency */,
			);
			name = "RESTAPIImage iOS";
			productName = RESTAPIImage;
			productReference = 213C5EA8215A44DD0039DC20 /* RESTAPIImage.framework */;
			productType = "com.apple.product-type.framework";
		};
		213C5EAF215A44DD0039DC20 /* RESTAPIImageTests */ = {
			isa = PBXNativeTarget;
			buildConfigurationList = 213C5EBC215A44DD0039DC20 /* Build configuration list for PBXNativeTarget "RESTAPIImageTests" */;
			buildPhases = (
				213C5EAC215A44DD0039DC20 /* Sources */,
				213C5EAD215A44DD0039DC20 /* Frameworks */,
				213C5EAE215A44DD0039DC20 /* Resources */,
				1853FD6823425C0D00F18EEC /* CopyFiles */,
			);
			buildRules = (
			);
			dependencies = (
				213C5EB3215A44DD0039DC20 /* PBXTargetDependency */,
			);
			name = RESTAPIImageTests;
			productName = RESTAPIImageTests;
			productReference = 213C5EB0215A44DD0039DC20 /* RESTAPIImageTests.xctest */;
			productType = "com.apple.product-type.bundle.unit-test";
		};
		215D7C491D4279E8001F4C45 /* RESTAPI iOS */ = {
			isa = PBXNativeTarget;
			buildConfigurationList = 215D7C5E1D4279E8001F4C45 /* Build configuration list for PBXNativeTarget "RESTAPI iOS" */;
			buildPhases = (
				215D7C451D4279E8001F4C45 /* Sources */,
				215D7C461D4279E8001F4C45 /* Frameworks */,
				215D7C471D4279E8001F4C45 /* Headers */,
				215D7C481D4279E8001F4C45 /* Resources */,
			);
			buildRules = (
			);
			dependencies = (
			);
			name = "RESTAPI iOS";
			productName = RESTAPI;
			productReference = 215D7C4A1D4279E8001F4C45 /* RESTAPI.framework */;
			productType = "com.apple.product-type.framework";
		};
		215D7C531D4279E8001F4C45 /* RESTAPI iOSTests */ = {
			isa = PBXNativeTarget;
			buildConfigurationList = 215D7C611D4279E8001F4C45 /* Build configuration list for PBXNativeTarget "RESTAPI iOSTests" */;
			buildPhases = (
				215D7C501D4279E8001F4C45 /* Sources */,
				215D7C511D4279E8001F4C45 /* Frameworks */,
				215D7C521D4279E8001F4C45 /* Resources */,
				21EEEE3C1D7EC39C00099A9A /* CopyFiles */,
			);
			buildRules = (
			);
			dependencies = (
				215D7C571D4279E8001F4C45 /* PBXTargetDependency */,
			);
			name = "RESTAPI iOSTests";
			productName = RESTAPITests;
			productReference = 215D7C541D4279E8001F4C45 /* RESTAPI iOSTests.xctest */;
			productType = "com.apple.product-type.bundle.unit-test";
		};
		219AEB941E0933F2009C939B /* RESTAPI tvOS */ = {
			isa = PBXNativeTarget;
			buildConfigurationList = 219AEBA61E0933F2009C939B /* Build configuration list for PBXNativeTarget "RESTAPI tvOS" */;
			buildPhases = (
				219AEB901E0933F2009C939B /* Sources */,
				219AEB911E0933F2009C939B /* Frameworks */,
				219AEB921E0933F2009C939B /* Headers */,
				219AEB931E0933F2009C939B /* Resources */,
			);
			buildRules = (
			);
			dependencies = (
			);
			name = "RESTAPI tvOS";
			productName = "RESTAPI tvOS";
			productReference = 219AEB951E0933F2009C939B /* RESTAPI.framework */;
			productType = "com.apple.product-type.framework";
		};
		219AEB9C1E0933F2009C939B /* RESTAPI tvOSTests */ = {
			isa = PBXNativeTarget;
			buildConfigurationList = 219AEBA91E0933F2009C939B /* Build configuration list for PBXNativeTarget "RESTAPI tvOSTests" */;
			buildPhases = (
				219AEB991E0933F2009C939B /* Sources */,
				219AEB9A1E0933F2009C939B /* Frameworks */,
				219AEB9B1E0933F2009C939B /* Resources */,
				2158E4531E097470002A957E /* CopyFiles */,
			);
			buildRules = (
			);
			dependencies = (
				219AEBA01E0933F2009C939B /* PBXTargetDependency */,
			);
			name = "RESTAPI tvOSTests";
			productName = "RESTAPI tvOSTests";
			productReference = 219AEB9D1E0933F2009C939B /* RESTAPI tvOSTests.xctest */;
			productType = "com.apple.product-type.bundle.unit-test";
		};
/* End PBXNativeTarget section */

/* Begin PBXProject section */
		215D7C411D4279E8001F4C45 /* Project object */ = {
			isa = PBXProject;
			attributes = {
				LastSwiftUpdateCheck = 1000;
				LastUpgradeCheck = 1020;
				ORGANIZATIONNAME = gujci;
				TargetAttributes = {
					213C5EA7215A44DD0039DC20 = {
						CreatedOnToolsVersion = 10.0;
						LastSwiftMigration = 1000;
						ProvisioningStyle = Automatic;
					};
					213C5EAF215A44DD0039DC20 = {
						CreatedOnToolsVersion = 10.0;
						ProvisioningStyle = Automatic;
					};
					215D7C491D4279E8001F4C45 = {
						CreatedOnToolsVersion = 7.3.1;
						LastSwiftMigration = 1000;
						ProvisioningStyle = Automatic;
					};
					215D7C531D4279E8001F4C45 = {
						CreatedOnToolsVersion = 7.3.1;
						LastSwiftMigration = 1000;
						ProvisioningStyle = Automatic;
					};
					219AEB941E0933F2009C939B = {
						CreatedOnToolsVersion = 8.2;
						ProvisioningStyle = Automatic;
					};
					219AEB9C1E0933F2009C939B = {
						CreatedOnToolsVersion = 8.2;
						ProvisioningStyle = Automatic;
					};
				};
			};
			buildConfigurationList = 215D7C441D4279E8001F4C45 /* Build configuration list for PBXProject "RESTAPI" */;
			compatibilityVersion = "Xcode 3.2";
			developmentRegion = en;
			hasScannedForEncodings = 0;
			knownRegions = (
				en,
				Base,
			);
			mainGroup = 215D7C401D4279E8001F4C45;
			productRefGroup = 215D7C4B1D4279E8001F4C45 /* Products */;
			projectDirPath = "";
			projectRoot = "";
			targets = (
				215D7C491D4279E8001F4C45 /* RESTAPI iOS */,
				215D7C531D4279E8001F4C45 /* RESTAPI iOSTests */,
				219AEB941E0933F2009C939B /* RESTAPI tvOS */,
				219AEB9C1E0933F2009C939B /* RESTAPI tvOSTests */,
				213C5EA7215A44DD0039DC20 /* RESTAPIImage iOS */,
				213C5EAF215A44DD0039DC20 /* RESTAPIImageTests */,
			);
		};
/* End PBXProject section */

/* Begin PBXResourcesBuildPhase section */
		213C5EA6215A44DD0039DC20 /* Resources */ = {
			isa = PBXResourcesBuildPhase;
			buildActionMask = 2147483647;
			files = (
			);
			runOnlyForDeploymentPostprocessing = 0;
		};
		213C5EAE215A44DD0039DC20 /* Resources */ = {
			isa = PBXResourcesBuildPhase;
			buildActionMask = 2147483647;
			files = (
				1853FD6723425BDD00F18EEC /* RESTAPIImage.framework in Resources */,
			);
			runOnlyForDeploymentPostprocessing = 0;
		};
		215D7C481D4279E8001F4C45 /* Resources */ = {
			isa = PBXResourcesBuildPhase;
			buildActionMask = 2147483647;
			files = (
				21A9B5C21D475D4800D2B57A /* Cartfile in Resources */,
				21493A571D427A3B00B5CF8A /* LICENSE in Resources */,
			);
			runOnlyForDeploymentPostprocessing = 0;
		};
		215D7C521D4279E8001F4C45 /* Resources */ = {
			isa = PBXResourcesBuildPhase;
			buildActionMask = 2147483647;
			files = (
				21EEEE3B1D7EC0E500099A9A /* RESTAPI.framework in Resources */,
			);
			runOnlyForDeploymentPostprocessing = 0;
		};
		219AEB931E0933F2009C939B /* Resources */ = {
			isa = PBXResourcesBuildPhase;
			buildActionMask = 2147483647;
			files = (
			);
			runOnlyForDeploymentPostprocessing = 0;
		};
		219AEB9B1E0933F2009C939B /* Resources */ = {
			isa = PBXResourcesBuildPhase;
			buildActionMask = 2147483647;
			files = (
				219AEBC31E09377B009C939B /* RESTAPI.framework in Resources */,
				219AEBC21E093773009C939B /* SwiftyJSON.framework in Resources */,
			);
			runOnlyForDeploymentPostprocessing = 0;
		};
/* End PBXResourcesBuildPhase section */

/* Begin PBXSourcesBuildPhase section */
		213C5EA4215A44DD0039DC20 /* Sources */ = {
			isa = PBXSourcesBuildPhase;
			buildActionMask = 2147483647;
			files = (
			);
			runOnlyForDeploymentPostprocessing = 0;
		};
		213C5EAC215A44DD0039DC20 /* Sources */ = {
			isa = PBXSourcesBuildPhase;
			buildActionMask = 2147483647;
			files = (
				213C5EB6215A44DD0039DC20 /* RESTAPIImageTests.swift in Sources */,
			);
			runOnlyForDeploymentPostprocessing = 0;
		};
		215D7C451D4279E8001F4C45 /* Sources */ = {
			isa = PBXSourcesBuildPhase;
			buildActionMask = 2147483647;
			files = (
				21F570AC1FAF0ACE00E8BFDB /* API+Utils.swift in Sources */,
				2182D6371F13A14000B091CE /* FormEncodable.swift in Sources */,
				1853FD6F23425D3B00F18EEC /* Cacheable.swift in Sources */,
				2124F72A21958E19007BD953 /* APIImplementation.swift in Sources */,
				21ABC93F2264BBDC004ED369 /* UtilTypes.swift in Sources */,
				1853FD6C23425D1900F18EEC /* JPGUploadMultipartFormData.swift in Sources */,
				1853FD6D23425D1900F18EEC /* UIImage+Cachable.swift in Sources */,
				213C5EA2215A44730039DC20 /* MultipartFormData.swift in Sources */,
				21493A651D427E3000B5CF8A /* Utils.swift in Sources */,
				21493A631D427E3000B5CF8A /* API.swift in Sources */,
				2176DDF41D86E3D8005A1B30 /* JSONConvertible.swift in Sources */,
				21493A641D427E3000B5CF8A /* JSONCodable.swift in Sources */,
			);
			runOnlyForDeploymentPostprocessing = 0;
		};
		215D7C501D4279E8001F4C45 /* Sources */ = {
			isa = PBXSourcesBuildPhase;
			buildActionMask = 2147483647;
			files = (
				21C3AC6B21959CEC004ACB75 /* RESTAPICodable.swift in Sources */,
				2102CA3821923563006222AB /* RESTAPIComponentTests.swift in Sources */,
				215D7C5A1D4279E8001F4C45 /* RESTAPITests.swift in Sources */,
			);
			runOnlyForDeploymentPostprocessing = 0;
		};
		219AEB901E0933F2009C939B /* Sources */ = {
			isa = PBXSourcesBuildPhase;
			buildActionMask = 2147483647;
			files = (
				21F570AD1FAF0ACE00E8BFDB /* API+Utils.swift in Sources */,
				2182D6381F13A14000B091CE /* FormEncodable.swift in Sources */,
				21C3AC6E2195B1D8004ACB75 /* APIImplementation.swift in Sources */,
				2188F96E2265314E00B40E3D /* UtilTypes.swift in Sources */,
				21C3AC6D2195B1D4004ACB75 /* MultipartFormData.swift in Sources */,
				219AEBC71E093AC7009C939B /* JSONConvertible.swift in Sources */,
				219AEBC61E093AC3009C939B /* Utils.swift in Sources */,
				219AEBC51E093AC1009C939B /* JSONCodable.swift in Sources */,
				219AEBC41E093ABE009C939B /* API.swift in Sources */,
			);
			runOnlyForDeploymentPostprocessing = 0;
		};
		219AEB991E0933F2009C939B /* Sources */ = {
			isa = PBXSourcesBuildPhase;
			buildActionMask = 2147483647;
			files = (
				21C3AC6C21959CEC004ACB75 /* RESTAPICodable.swift in Sources */,
				2102CA392192359D006222AB /* RESTAPIComponentTests.swift in Sources */,
				219AEBAC1E093404009C939B /* RESTAPITests.swift in Sources */,
			);
			runOnlyForDeploymentPostprocessing = 0;
		};
/* End PBXSourcesBuildPhase section */

/* Begin PBXTargetDependency section */
		213C5EB3215A44DD0039DC20 /* PBXTargetDependency */ = {
			isa = PBXTargetDependency;
			target = 213C5EA7215A44DD0039DC20 /* RESTAPIImage iOS */;
			targetProxy = 213C5EB2215A44DD0039DC20 /* PBXContainerItemProxy */;
		};
		213C5ED8215A85360039DC20 /* PBXTargetDependency */ = {
			isa = PBXTargetDependency;
			target = 215D7C491D4279E8001F4C45 /* RESTAPI iOS */;
			targetProxy = 213C5ED7215A85360039DC20 /* PBXContainerItemProxy */;
		};
		215D7C571D4279E8001F4C45 /* PBXTargetDependency */ = {
			isa = PBXTargetDependency;
			target = 215D7C491D4279E8001F4C45 /* RESTAPI iOS */;
			targetProxy = 215D7C561D4279E8001F4C45 /* PBXContainerItemProxy */;
		};
		219AEBA01E0933F2009C939B /* PBXTargetDependency */ = {
			isa = PBXTargetDependency;
			target = 219AEB941E0933F2009C939B /* RESTAPI tvOS */;
			targetProxy = 219AEB9F1E0933F2009C939B /* PBXContainerItemProxy */;
		};
/* End PBXTargetDependency section */

/* Begin XCBuildConfiguration section */
		213C5EBA215A44DD0039DC20 /* Debug */ = {
			isa = XCBuildConfiguration;
			buildSettings = {
				APPLICATION_EXTENSION_API_ONLY = YES;
				CLANG_ANALYZER_NUMBER_OBJECT_CONVERSION = YES_AGGRESSIVE;
				CLANG_CXX_LANGUAGE_STANDARD = "gnu++14";
				CLANG_ENABLE_MODULES = YES;
				CLANG_ENABLE_OBJC_WEAK = YES;
				CLANG_WARN_BLOCK_CAPTURE_AUTORELEASING = YES;
				CLANG_WARN_COMMA = YES;
				CLANG_WARN_DEPRECATED_OBJC_IMPLEMENTATIONS = YES;
				CLANG_WARN_DOCUMENTATION_COMMENTS = YES;
				CLANG_WARN_NON_LITERAL_NULL_CONVERSION = YES;
				CLANG_WARN_OBJC_IMPLICIT_RETAIN_SELF = YES;
				CLANG_WARN_OBJC_LITERAL_CONVERSION = YES;
				CLANG_WARN_RANGE_LOOP_ANALYSIS = YES;
				CLANG_WARN_STRICT_PROTOTYPES = YES;
				CLANG_WARN_UNGUARDED_AVAILABILITY = YES_AGGRESSIVE;
				CODE_SIGN_IDENTITY = "";
				CODE_SIGN_STYLE = Automatic;
				DEFINES_MODULE = YES;
				DYLIB_COMPATIBILITY_VERSION = 1;
				DYLIB_CURRENT_VERSION = 1;
				DYLIB_INSTALL_NAME_BASE = "@rpath";
				GCC_C_LANGUAGE_STANDARD = gnu11;
				INFOPLIST_FILE = RESTAPIImage/Info.plist;
				INSTALL_PATH = "$(LOCAL_LIBRARY_DIR)/Frameworks";
				IPHONEOS_DEPLOYMENT_TARGET = 9.3;
				LD_RUNPATH_SEARCH_PATHS = "$(inherited) @executable_path/Frameworks @loader_path/Frameworks";
				MTL_ENABLE_DEBUG_INFO = INCLUDE_SOURCE;
				MTL_FAST_MATH = YES;
				PRODUCT_BUNDLE_IDENTIFIER = com.gujci.RESTAPIImage;
				PRODUCT_NAME = RESTAPIImage;
				SKIP_INSTALL = YES;
				SWIFT_ACTIVE_COMPILATION_CONDITIONS = DEBUG;
				SWIFT_OPTIMIZATION_LEVEL = "-Onone";
				SWIFT_VERSION = 5.0;
				TARGETED_DEVICE_FAMILY = "1,2";
			};
			name = Debug;
		};
		213C5EBB215A44DD0039DC20 /* Release */ = {
			isa = XCBuildConfiguration;
			buildSettings = {
				APPLICATION_EXTENSION_API_ONLY = YES;
				CLANG_ANALYZER_NUMBER_OBJECT_CONVERSION = YES_AGGRESSIVE;
				CLANG_CXX_LANGUAGE_STANDARD = "gnu++14";
				CLANG_ENABLE_MODULES = YES;
				CLANG_ENABLE_OBJC_WEAK = YES;
				CLANG_WARN_BLOCK_CAPTURE_AUTORELEASING = YES;
				CLANG_WARN_COMMA = YES;
				CLANG_WARN_DEPRECATED_OBJC_IMPLEMENTATIONS = YES;
				CLANG_WARN_DOCUMENTATION_COMMENTS = YES;
				CLANG_WARN_NON_LITERAL_NULL_CONVERSION = YES;
				CLANG_WARN_OBJC_IMPLICIT_RETAIN_SELF = YES;
				CLANG_WARN_OBJC_LITERAL_CONVERSION = YES;
				CLANG_WARN_RANGE_LOOP_ANALYSIS = YES;
				CLANG_WARN_STRICT_PROTOTYPES = YES;
				CLANG_WARN_UNGUARDED_AVAILABILITY = YES_AGGRESSIVE;
				CODE_SIGN_IDENTITY = "";
				CODE_SIGN_STYLE = Automatic;
				DEFINES_MODULE = YES;
				DYLIB_COMPATIBILITY_VERSION = 1;
				DYLIB_CURRENT_VERSION = 1;
				DYLIB_INSTALL_NAME_BASE = "@rpath";
				GCC_C_LANGUAGE_STANDARD = gnu11;
				INFOPLIST_FILE = RESTAPIImage/Info.plist;
				INSTALL_PATH = "$(LOCAL_LIBRARY_DIR)/Frameworks";
				IPHONEOS_DEPLOYMENT_TARGET = 9.3;
				LD_RUNPATH_SEARCH_PATHS = "$(inherited) @executable_path/Frameworks @loader_path/Frameworks";
				MTL_FAST_MATH = YES;
				PRODUCT_BUNDLE_IDENTIFIER = com.gujci.RESTAPIImage;
				PRODUCT_NAME = RESTAPIImage;
				SKIP_INSTALL = YES;
				SWIFT_VERSION = 5.0;
				TARGETED_DEVICE_FAMILY = "1,2";
			};
			name = Release;
		};
		213C5EBD215A44DD0039DC20 /* Debug */ = {
			isa = XCBuildConfiguration;
			buildSettings = {
				CLANG_ANALYZER_NUMBER_OBJECT_CONVERSION = YES_AGGRESSIVE;
				CLANG_CXX_LANGUAGE_STANDARD = "gnu++14";
				CLANG_ENABLE_OBJC_WEAK = YES;
				CLANG_WARN_BLOCK_CAPTURE_AUTORELEASING = YES;
				CLANG_WARN_COMMA = YES;
				CLANG_WARN_DEPRECATED_OBJC_IMPLEMENTATIONS = YES;
				CLANG_WARN_DOCUMENTATION_COMMENTS = YES;
				CLANG_WARN_NON_LITERAL_NULL_CONVERSION = YES;
				CLANG_WARN_OBJC_IMPLICIT_RETAIN_SELF = YES;
				CLANG_WARN_OBJC_LITERAL_CONVERSION = YES;
				CLANG_WARN_RANGE_LOOP_ANALYSIS = YES;
				CLANG_WARN_STRICT_PROTOTYPES = YES;
				CLANG_WARN_UNGUARDED_AVAILABILITY = YES_AGGRESSIVE;
				CODE_SIGN_IDENTITY = "iPhone Developer";
				CODE_SIGN_STYLE = Automatic;
				FRAMEWORK_SEARCH_PATHS = (
					"$(inherited)",
					"$(PROJECT_DIR)/Carthage/Build/iOS",
					"$(PLATFORM_DIR)/Developer/Library/Frameworks",
				);
				GCC_C_LANGUAGE_STANDARD = gnu11;
				INFOPLIST_FILE = RESTAPIImageTests/Info.plist;
				IPHONEOS_DEPLOYMENT_TARGET = 12.0;
				LD_RUNPATH_SEARCH_PATHS = "$(inherited) @executable_path/Frameworks @loader_path/Frameworks $(FRAMEWORK_SEARCH_PATHS)";
				MTL_ENABLE_DEBUG_INFO = INCLUDE_SOURCE;
				MTL_FAST_MATH = YES;
				PRODUCT_BUNDLE_IDENTIFIER = com.gujci.RESTAPIImageTests;
				PRODUCT_NAME = "$(TARGET_NAME)";
				SWIFT_ACTIVE_COMPILATION_CONDITIONS = DEBUG;
				SWIFT_VERSION = 5.0;
				TARGETED_DEVICE_FAMILY = "1,2";
			};
			name = Debug;
		};
		213C5EBE215A44DD0039DC20 /* Release */ = {
			isa = XCBuildConfiguration;
			buildSettings = {
				CLANG_ANALYZER_NUMBER_OBJECT_CONVERSION = YES_AGGRESSIVE;
				CLANG_CXX_LANGUAGE_STANDARD = "gnu++14";
				CLANG_ENABLE_OBJC_WEAK = YES;
				CLANG_WARN_BLOCK_CAPTURE_AUTORELEASING = YES;
				CLANG_WARN_COMMA = YES;
				CLANG_WARN_DEPRECATED_OBJC_IMPLEMENTATIONS = YES;
				CLANG_WARN_DOCUMENTATION_COMMENTS = YES;
				CLANG_WARN_NON_LITERAL_NULL_CONVERSION = YES;
				CLANG_WARN_OBJC_IMPLICIT_RETAIN_SELF = YES;
				CLANG_WARN_OBJC_LITERAL_CONVERSION = YES;
				CLANG_WARN_RANGE_LOOP_ANALYSIS = YES;
				CLANG_WARN_STRICT_PROTOTYPES = YES;
				CLANG_WARN_UNGUARDED_AVAILABILITY = YES_AGGRESSIVE;
				CODE_SIGN_IDENTITY = "iPhone Developer";
				CODE_SIGN_STYLE = Automatic;
				FRAMEWORK_SEARCH_PATHS = (
					"$(inherited)",
					"$(PROJECT_DIR)/Carthage/Build/iOS",
					"$(PLATFORM_DIR)/Developer/Library/Frameworks",
				);
				GCC_C_LANGUAGE_STANDARD = gnu11;
				INFOPLIST_FILE = RESTAPIImageTests/Info.plist;
				IPHONEOS_DEPLOYMENT_TARGET = 12.0;
				LD_RUNPATH_SEARCH_PATHS = "$(inherited) @executable_path/Frameworks @loader_path/Frameworks $(FRAMEWORK_SEARCH_PATHS)";
				MTL_FAST_MATH = YES;
				PRODUCT_BUNDLE_IDENTIFIER = com.gujci.RESTAPIImageTests;
				PRODUCT_NAME = "$(TARGET_NAME)";
				SWIFT_VERSION = 5.0;
				TARGETED_DEVICE_FAMILY = "1,2";
			};
			name = Release;
		};
		215D7C5C1D4279E8001F4C45 /* Debug */ = {
			isa = XCBuildConfiguration;
			buildSettings = {
				ALWAYS_SEARCH_USER_PATHS = NO;
				CLANG_ANALYZER_LOCALIZABILITY_NONLOCALIZED = YES;
				CLANG_ANALYZER_NONNULL = YES;
				CLANG_CXX_LANGUAGE_STANDARD = "gnu++0x";
				CLANG_CXX_LIBRARY = "libc++";
				CLANG_ENABLE_MODULES = YES;
				CLANG_ENABLE_OBJC_ARC = YES;
				CLANG_WARN_BLOCK_CAPTURE_AUTORELEASING = YES;
				CLANG_WARN_BOOL_CONVERSION = YES;
				CLANG_WARN_COMMA = YES;
				CLANG_WARN_CONSTANT_CONVERSION = YES;
				CLANG_WARN_DEPRECATED_OBJC_IMPLEMENTATIONS = YES;
				CLANG_WARN_DIRECT_OBJC_ISA_USAGE = YES_ERROR;
				CLANG_WARN_EMPTY_BODY = YES;
				CLANG_WARN_ENUM_CONVERSION = YES;
				CLANG_WARN_INFINITE_RECURSION = YES;
				CLANG_WARN_INT_CONVERSION = YES;
				CLANG_WARN_NON_LITERAL_NULL_CONVERSION = YES;
				CLANG_WARN_OBJC_IMPLICIT_RETAIN_SELF = YES;
				CLANG_WARN_OBJC_LITERAL_CONVERSION = YES;
				CLANG_WARN_OBJC_ROOT_CLASS = YES_ERROR;
				CLANG_WARN_RANGE_LOOP_ANALYSIS = YES;
				CLANG_WARN_STRICT_PROTOTYPES = YES;
				CLANG_WARN_SUSPICIOUS_MOVE = YES;
				CLANG_WARN_UNREACHABLE_CODE = YES;
				CLANG_WARN__DUPLICATE_METHOD_MATCH = YES;
				"CODE_SIGN_IDENTITY[sdk=iphoneos*]" = "iPhone Developer";
				COPY_PHASE_STRIP = NO;
				CURRENT_PROJECT_VERSION = 1;
				DEBUG_INFORMATION_FORMAT = dwarf;
				ENABLE_STRICT_OBJC_MSGSEND = YES;
				ENABLE_TESTABILITY = YES;
				GCC_C_LANGUAGE_STANDARD = gnu99;
				GCC_DYNAMIC_NO_PIC = NO;
				GCC_NO_COMMON_BLOCKS = YES;
				GCC_OPTIMIZATION_LEVEL = 0;
				GCC_PREPROCESSOR_DEFINITIONS = (
					"DEBUG=1",
					"$(inherited)",
				);
				GCC_WARN_64_TO_32_BIT_CONVERSION = YES;
				GCC_WARN_ABOUT_RETURN_TYPE = YES_ERROR;
				GCC_WARN_UNDECLARED_SELECTOR = YES;
				GCC_WARN_UNINITIALIZED_AUTOS = YES_AGGRESSIVE;
				GCC_WARN_UNUSED_FUNCTION = YES;
				GCC_WARN_UNUSED_VARIABLE = YES;
				IPHONEOS_DEPLOYMENT_TARGET = 9.3;
				MTL_ENABLE_DEBUG_INFO = YES;
				ONLY_ACTIVE_ARCH = YES;
				SDKROOT = iphoneos;
				SWIFT_OPTIMIZATION_LEVEL = "-Onone";
				SWIFT_VERSION = 5.0;
				TARGETED_DEVICE_FAMILY = "1,2";
				VERSIONING_SYSTEM = "apple-generic";
				VERSION_INFO_PREFIX = "";
			};
			name = Debug;
		};
		215D7C5D1D4279E8001F4C45 /* Release */ = {
			isa = XCBuildConfiguration;
			buildSettings = {
				ALWAYS_SEARCH_USER_PATHS = NO;
				CLANG_ANALYZER_LOCALIZABILITY_NONLOCALIZED = YES;
				CLANG_ANALYZER_NONNULL = YES;
				CLANG_CXX_LANGUAGE_STANDARD = "gnu++0x";
				CLANG_CXX_LIBRARY = "libc++";
				CLANG_ENABLE_MODULES = YES;
				CLANG_ENABLE_OBJC_ARC = YES;
				CLANG_WARN_BLOCK_CAPTURE_AUTORELEASING = YES;
				CLANG_WARN_BOOL_CONVERSION = YES;
				CLANG_WARN_COMMA = YES;
				CLANG_WARN_CONSTANT_CONVERSION = YES;
				CLANG_WARN_DEPRECATED_OBJC_IMPLEMENTATIONS = YES;
				CLANG_WARN_DIRECT_OBJC_ISA_USAGE = YES_ERROR;
				CLANG_WARN_EMPTY_BODY = YES;
				CLANG_WARN_ENUM_CONVERSION = YES;
				CLANG_WARN_INFINITE_RECURSION = YES;
				CLANG_WARN_INT_CONVERSION = YES;
				CLANG_WARN_NON_LITERAL_NULL_CONVERSION = YES;
				CLANG_WARN_OBJC_IMPLICIT_RETAIN_SELF = YES;
				CLANG_WARN_OBJC_LITERAL_CONVERSION = YES;
				CLANG_WARN_OBJC_ROOT_CLASS = YES_ERROR;
				CLANG_WARN_RANGE_LOOP_ANALYSIS = YES;
				CLANG_WARN_STRICT_PROTOTYPES = YES;
				CLANG_WARN_SUSPICIOUS_MOVE = YES;
				CLANG_WARN_UNREACHABLE_CODE = YES;
				CLANG_WARN__DUPLICATE_METHOD_MATCH = YES;
				"CODE_SIGN_IDENTITY[sdk=iphoneos*]" = "iPhone Developer";
				COPY_PHASE_STRIP = NO;
				CURRENT_PROJECT_VERSION = 1;
				DEBUG_INFORMATION_FORMAT = "dwarf-with-dsym";
				ENABLE_NS_ASSERTIONS = NO;
				ENABLE_STRICT_OBJC_MSGSEND = YES;
				GCC_C_LANGUAGE_STANDARD = gnu99;
				GCC_NO_COMMON_BLOCKS = YES;
				GCC_WARN_64_TO_32_BIT_CONVERSION = YES;
				GCC_WARN_ABOUT_RETURN_TYPE = YES_ERROR;
				GCC_WARN_UNDECLARED_SELECTOR = YES;
				GCC_WARN_UNINITIALIZED_AUTOS = YES_AGGRESSIVE;
				GCC_WARN_UNUSED_FUNCTION = YES;
				GCC_WARN_UNUSED_VARIABLE = YES;
				IPHONEOS_DEPLOYMENT_TARGET = 9.3;
				MTL_ENABLE_DEBUG_INFO = NO;
				SDKROOT = iphoneos;
				SWIFT_OPTIMIZATION_LEVEL = "-Owholemodule";
				SWIFT_VERSION = 5.0;
				TARGETED_DEVICE_FAMILY = "1,2";
				VALIDATE_PRODUCT = YES;
				VERSIONING_SYSTEM = "apple-generic";
				VERSION_INFO_PREFIX = "";
			};
			name = Release;
		};
		215D7C5F1D4279E8001F4C45 /* Debug */ = {
			isa = XCBuildConfiguration;
			buildSettings = {
				APPLICATION_EXTENSION_API_ONLY = YES;
				"CODE_SIGN_IDENTITY[sdk=iphoneos*]" = "";
				DEFINES_MODULE = YES;
				DYLIB_COMPATIBILITY_VERSION = 1;
				DYLIB_CURRENT_VERSION = 1;
				DYLIB_INSTALL_NAME_BASE = "@rpath";
				FRAMEWORK_SEARCH_PATHS = (
					"$(inherited)",
					"$(PROJECT_DIR)/Carthage/Build/iOS",
					"$(PROJECT_DIR)",
				);
				INFOPLIST_FILE = "$(SRCROOT)/RESTAPI/Info-iOS.plist";
				INSTALL_PATH = "$(LOCAL_LIBRARY_DIR)/Frameworks";
				IPHONEOS_DEPLOYMENT_TARGET = 9.3;
				LD_RUNPATH_SEARCH_PATHS = "$(inherited) @executable_path/Frameworks @loader_path/Frameworks";
				MACH_O_TYPE = mh_dylib;
				PRODUCT_BUNDLE_IDENTIFIER = com.gujci.RESTAPI;
				PRODUCT_NAME = RESTAPI;
				SKIP_INSTALL = YES;
				SWIFT_SWIFT3_OBJC_INFERENCE = Default;
				SWIFT_VERSION = 5.0;
			};
			name = Debug;
		};
		215D7C601D4279E8001F4C45 /* Release */ = {
			isa = XCBuildConfiguration;
			buildSettings = {
				APPLICATION_EXTENSION_API_ONLY = YES;
				"CODE_SIGN_IDENTITY[sdk=iphoneos*]" = "";
				DEFINES_MODULE = YES;
				DYLIB_COMPATIBILITY_VERSION = 1;
				DYLIB_CURRENT_VERSION = 1;
				DYLIB_INSTALL_NAME_BASE = "@rpath";
				FRAMEWORK_SEARCH_PATHS = (
					"$(inherited)",
					"$(PROJECT_DIR)/Carthage/Build/iOS",
					"$(PROJECT_DIR)",
				);
				INFOPLIST_FILE = "$(SRCROOT)/RESTAPI/Info-iOS.plist";
				INSTALL_PATH = "$(LOCAL_LIBRARY_DIR)/Frameworks";
				IPHONEOS_DEPLOYMENT_TARGET = 9.3;
				LD_RUNPATH_SEARCH_PATHS = "$(inherited) @executable_path/Frameworks @loader_path/Frameworks";
				MACH_O_TYPE = mh_dylib;
				PRODUCT_BUNDLE_IDENTIFIER = com.gujci.RESTAPI;
				PRODUCT_NAME = RESTAPI;
				SKIP_INSTALL = YES;
				SWIFT_SWIFT3_OBJC_INFERENCE = Default;
				SWIFT_VERSION = 5.0;
			};
			name = Release;
		};
		215D7C621D4279E8001F4C45 /* Debug */ = {
			isa = XCBuildConfiguration;
			buildSettings = {
				"CODE_SIGN_IDENTITY[sdk=iphoneos*]" = "iPhone Developer";
				DEVELOPMENT_TEAM = "";
				FRAMEWORK_SEARCH_PATHS = (
					"$(inherited)",
					"$(PROJECT_DIR)/Carthage/Build/iOS",
					"$(PLATFORM_DIR)/Developer/Library/Frameworks",
				);
				INFOPLIST_FILE = RESTAPITests/Info.plist;
				LD_RUNPATH_SEARCH_PATHS = "$(inherited) @executable_path/Frameworks @loader_path/Frameworks $(PLATFORM_DIR)/Developer/Library/Frameworks $(FRAMEWORK_SEARCH_PATHS)";
				PRODUCT_BUNDLE_IDENTIFIER = com.gujci.RESTAPITests;
				PRODUCT_NAME = "$(TARGET_NAME)";
				SWIFT_SWIFT3_OBJC_INFERENCE = Default;
				SWIFT_VERSION = 5.0;
			};
			name = Debug;
		};
		215D7C631D4279E8001F4C45 /* Release */ = {
			isa = XCBuildConfiguration;
			buildSettings = {
				"CODE_SIGN_IDENTITY[sdk=iphoneos*]" = "iPhone Developer";
				DEVELOPMENT_TEAM = "";
				FRAMEWORK_SEARCH_PATHS = (
					"$(inherited)",
					"$(PROJECT_DIR)/Carthage/Build/iOS",
					"$(PLATFORM_DIR)/Developer/Library/Frameworks",
				);
				INFOPLIST_FILE = RESTAPITests/Info.plist;
				LD_RUNPATH_SEARCH_PATHS = "$(inherited) @executable_path/Frameworks @loader_path/Frameworks $(PLATFORM_DIR)/Developer/Library/Frameworks $(FRAMEWORK_SEARCH_PATHS)";
				PRODUCT_BUNDLE_IDENTIFIER = com.gujci.RESTAPITests;
				PRODUCT_NAME = "$(TARGET_NAME)";
				SWIFT_SWIFT3_OBJC_INFERENCE = Default;
				SWIFT_VERSION = 5.0;
			};
			name = Release;
		};
		219AEBA71E0933F2009C939B /* Debug */ = {
			isa = XCBuildConfiguration;
			buildSettings = {
				APPLICATION_EXTENSION_API_ONLY = YES;
				CLANG_WARN_DOCUMENTATION_COMMENTS = YES;
				CODE_SIGN_IDENTITY = "";
				DEFINES_MODULE = YES;
				DEVELOPMENT_TEAM = "";
				DYLIB_COMPATIBILITY_VERSION = 1;
				DYLIB_CURRENT_VERSION = 1;
				DYLIB_INSTALL_NAME_BASE = "@rpath";
				FRAMEWORK_SEARCH_PATHS = (
					"$(inherited)",
					"$(PROJECT_DIR)/Carthage/Build/tvOS",
				);
				INFOPLIST_FILE = "$(SRCROOT)/RESTAPI tvOS/Info-tvOS.plist";
				INSTALL_PATH = "$(LOCAL_LIBRARY_DIR)/Frameworks";
				LD_RUNPATH_SEARCH_PATHS = "$(inherited) @executable_path/Frameworks @loader_path/Frameworks";
				PRODUCT_BUNDLE_IDENTIFIER = com.gujci.RESTAPI;
				PRODUCT_NAME = RESTAPI;
				SDKROOT = appletvos;
				SKIP_INSTALL = YES;
				SWIFT_ACTIVE_COMPILATION_CONDITIONS = DEBUG;
				SWIFT_VERSION = 5.0;
				TARGETED_DEVICE_FAMILY = 3;
				TVOS_DEPLOYMENT_TARGET = 9.0;
			};
			name = Debug;
		};
		219AEBA81E0933F2009C939B /* Release */ = {
			isa = XCBuildConfiguration;
			buildSettings = {
				APPLICATION_EXTENSION_API_ONLY = YES;
				CLANG_WARN_DOCUMENTATION_COMMENTS = YES;
				CODE_SIGN_IDENTITY = "";
				DEFINES_MODULE = YES;
				DEVELOPMENT_TEAM = "";
				DYLIB_COMPATIBILITY_VERSION = 1;
				DYLIB_CURRENT_VERSION = 1;
				DYLIB_INSTALL_NAME_BASE = "@rpath";
				FRAMEWORK_SEARCH_PATHS = (
					"$(inherited)",
					"$(PROJECT_DIR)/Carthage/Build/tvOS",
				);
				INFOPLIST_FILE = "$(SRCROOT)/RESTAPI tvOS/Info-tvOS.plist";
				INSTALL_PATH = "$(LOCAL_LIBRARY_DIR)/Frameworks";
				LD_RUNPATH_SEARCH_PATHS = "$(inherited) @executable_path/Frameworks @loader_path/Frameworks";
				PRODUCT_BUNDLE_IDENTIFIER = com.gujci.RESTAPI;
				PRODUCT_NAME = RESTAPI;
				SDKROOT = appletvos;
				SKIP_INSTALL = YES;
				SWIFT_VERSION = 5.0;
				TARGETED_DEVICE_FAMILY = 3;
				TVOS_DEPLOYMENT_TARGET = 9.0;
			};
			name = Release;
		};
		219AEBAA1E0933F2009C939B /* Debug */ = {
			isa = XCBuildConfiguration;
			buildSettings = {
				ALWAYS_EMBED_SWIFT_STANDARD_LIBRARIES = YES;
				CLANG_WARN_DOCUMENTATION_COMMENTS = YES;
				DEVELOPMENT_TEAM = "";
				FRAMEWORK_SEARCH_PATHS = (
					"$(inherited)",
					"$(PROJECT_DIR)/Carthage/Build/tvOS",
				);
				INFOPLIST_FILE = RESTAPITests/Info.plist;
				LD_RUNPATH_SEARCH_PATHS = "$(inherited) @executable_path/Frameworks @loader_path/Frameworks $(FRAMEWORK_SEARCH_PATHS)";
				PRODUCT_BUNDLE_IDENTIFIER = "com.gujci.RESTAPI-tvOSTests";
				PRODUCT_NAME = "$(TARGET_NAME)";
				SDKROOT = appletvos;
				SWIFT_ACTIVE_COMPILATION_CONDITIONS = DEBUG;
				SWIFT_VERSION = 5.0;
				TVOS_DEPLOYMENT_TARGET = 10.1;
			};
			name = Debug;
		};
		219AEBAB1E0933F2009C939B /* Release */ = {
			isa = XCBuildConfiguration;
			buildSettings = {
				ALWAYS_EMBED_SWIFT_STANDARD_LIBRARIES = YES;
				CLANG_WARN_DOCUMENTATION_COMMENTS = YES;
				DEVELOPMENT_TEAM = "";
				FRAMEWORK_SEARCH_PATHS = (
					"$(inherited)",
					"$(PROJECT_DIR)/Carthage/Build/tvOS",
				);
				INFOPLIST_FILE = RESTAPITests/Info.plist;
				LD_RUNPATH_SEARCH_PATHS = "$(inherited) @executable_path/Frameworks @loader_path/Frameworks $(FRAMEWORK_SEARCH_PATHS)";
				PRODUCT_BUNDLE_IDENTIFIER = "com.gujci.RESTAPI-tvOSTests";
				PRODUCT_NAME = "$(TARGET_NAME)";
				SDKROOT = appletvos;
				SWIFT_VERSION = 5.0;
				TVOS_DEPLOYMENT_TARGET = 10.1;
			};
			name = Release;
		};
/* End XCBuildConfiguration section */

/* Begin XCConfigurationList section */
		213C5EB9215A44DD0039DC20 /* Build configuration list for PBXNativeTarget "RESTAPIImage iOS" */ = {
			isa = XCConfigurationList;
			buildConfigurations = (
				213C5EBA215A44DD0039DC20 /* Debug */,
				213C5EBB215A44DD0039DC20 /* Release */,
			);
			defaultConfigurationIsVisible = 0;
			defaultConfigurationName = Release;
		};
		213C5EBC215A44DD0039DC20 /* Build configuration list for PBXNativeTarget "RESTAPIImageTests" */ = {
			isa = XCConfigurationList;
			buildConfigurations = (
				213C5EBD215A44DD0039DC20 /* Debug */,
				213C5EBE215A44DD0039DC20 /* Release */,
			);
			defaultConfigurationIsVisible = 0;
			defaultConfigurationName = Release;
		};
		215D7C441D4279E8001F4C45 /* Build configuration list for PBXProject "RESTAPI" */ = {
			isa = XCConfigurationList;
			buildConfigurations = (
				215D7C5C1D4279E8001F4C45 /* Debug */,
				215D7C5D1D4279E8001F4C45 /* Release */,
			);
			defaultConfigurationIsVisible = 0;
			defaultConfigurationName = Release;
		};
		215D7C5E1D4279E8001F4C45 /* Build configuration list for PBXNativeTarget "RESTAPI iOS" */ = {
			isa = XCConfigurationList;
			buildConfigurations = (
				215D7C5F1D4279E8001F4C45 /* Debug */,
				215D7C601D4279E8001F4C45 /* Release */,
			);
			defaultConfigurationIsVisible = 0;
			defaultConfigurationName = Release;
		};
		215D7C611D4279E8001F4C45 /* Build configuration list for PBXNativeTarget "RESTAPI iOSTests" */ = {
			isa = XCConfigurationList;
			buildConfigurations = (
				215D7C621D4279E8001F4C45 /* Debug */,
				215D7C631D4279E8001F4C45 /* Release */,
			);
			defaultConfigurationIsVisible = 0;
			defaultConfigurationName = Release;
		};
		219AEBA61E0933F2009C939B /* Build configuration list for PBXNativeTarget "RESTAPI tvOS" */ = {
			isa = XCConfigurationList;
			buildConfigurations = (
				219AEBA71E0933F2009C939B /* Debug */,
				219AEBA81E0933F2009C939B /* Release */,
			);
			defaultConfigurationIsVisible = 0;
			defaultConfigurationName = Release;
		};
		219AEBA91E0933F2009C939B /* Build configuration list for PBXNativeTarget "RESTAPI tvOSTests" */ = {
			isa = XCConfigurationList;
			buildConfigurations = (
				219AEBAA1E0933F2009C939B /* Debug */,
				219AEBAB1E0933F2009C939B /* Release */,
			);
			defaultConfigurationIsVisible = 0;
			defaultConfigurationName = Release;
		};
/* End XCConfigurationList section */
	};
	rootObject = 215D7C411D4279E8001F4C45 /* Project object */;
}
